<?xml version="1.0" encoding="utf-8"?>
<Project ToolsVersion="4.0" xmlns="http://schemas.microsoft.com/developer/msbuild/2003">
  <ItemGroup>
    <ClCompile Include="EventListener.cpp">
      <Filter>Source Files</Filter>
    </ClCompile>
    <ClCompile Include="KeyEventlListener.cpp">
      <Filter>Source Files</Filter>
    </ClCompile>
    <ClCompile Include="Manager.cpp">
      <Filter>Source Files</Filter>
    </ClCompile>
    <ClCompile Include="Lab1.cpp">
      <Filter>Source Files</Filter>
    </ClCompile>
  </ItemGroup>
  <ItemGroup>
    <ClInclude Include="EventListener.h">
      <Filter>Header Files</Filter>
    </ClInclude>
    <ClInclude Include="Manager.h">
      <Filter>Header Files</Filter>
    </ClInclude>
  </ItemGroup>
  <ItemGroup>
    <Filter Include="Header Files">
      <UniqueIdentifier>{5fc62ea7-be16-4b1a-b4a7-bb930f469026}</UniqueIdentifier>
    </Filter>
    <Filter Include="Source Files">
      <UniqueIdentifier>{e47e8160-33ce-4ca4-83af-704f0a46697d}</UniqueIdentifier>
    </Filter>
    <Filter Include="Resource Files">
      <UniqueIdentifier>{19708a29-2a0d-4f87-b59f-86ed73db5560}</UniqueIdentifier>
    </Filter>
  </ItemGroup>
</Project>